
Microsoft Visual Studio Solution File, Format Version 12.00
# Visual Studio Version 17
VisualStudioVersion = 17.0.32112.339
MinimumVisualStudioVersion = 10.0.40219.1
Project("{9A19103F-16F7-4668-BE54-9A1E7A4F7556}") = "NoteBookApp.Server", "NoteBookApp\Server\NoteBookApp.Server.csproj", "{38DF902C-B04C-4B1F-8BE2-36718D031028}"
EndProject
Project("{9A19103F-16F7-4668-BE54-9A1E7A4F7556}") = "NoteBookApp.Client", "NoteBookApp\Client\NoteBookApp.Client.csproj", "{6E7A6A20-B1F3-4F24-8B75-728382334735}"
EndProject
Project("{9A19103F-16F7-4668-BE54-9A1E7A4F7556}") = "NoteBookApp.Shared", "NoteBookApp\Shared\NoteBookApp.Shared.csproj", "{D08CCDCF-2619-4D8D-8E06-360D8BA64EB9}"
EndProject
Project("{9A19103F-16F7-4668-BE54-9A1E7A4F7556}") = "NoteBookApp.Logic", "NoteBookApp\Logic\NoteBookApp.Logic.csproj", "{2D922A14-F0FB-4705-873A-72B0D4B6F9E1}"
EndProject
Project("{9A19103F-16F7-4668-BE54-9A1E7A4F7556}") = "NoteBookApp.FileSystems.AzureBlobStorage", "NoteBookApp\AzureBlobStorage\NoteBookApp.FileSystems.AzureBlobStorage.csproj", "{44A847B9-A569-43A5-91BD-1F6028442054}"
EndProject
Project("{2150E333-8FDC-42A3-9474-1A3956D46DE8}") = "Tests", "Tests", "{B9FF181E-A969-4536-ABA9-42506D8ADCCA}"
EndProject
Project("{9A19103F-16F7-4668-BE54-9A1E7A4F7556}") = "NoteBookApp.Tests.Integrations", "NoteBookApp\Tests\NoteBookApp.Tests.Integrations\NoteBookApp.Tests.Integrations.csproj", "{D637F57E-91F2-4FC7-97B4-6106B3588E70}"
EndProject
Global
	GlobalSection(SolutionConfigurationPlatforms) = preSolution
		Debug|Any CPU = Debug|Any CPU
		Release|Any CPU = Release|Any CPU
	EndGlobalSection
	GlobalSection(ProjectConfigurationPlatforms) = postSolution
		{38DF902C-B04C-4B1F-8BE2-36718D031028}.Debug|Any CPU.ActiveCfg = Debug|Any CPU
		{38DF902C-B04C-4B1F-8BE2-36718D031028}.Debug|Any CPU.Build.0 = Debug|Any CPU
		{38DF902C-B04C-4B1F-8BE2-36718D031028}.Release|Any CPU.ActiveCfg = Release|Any CPU
		{38DF902C-B04C-4B1F-8BE2-36718D031028}.Release|Any CPU.Build.0 = Release|Any CPU
		{6E7A6A20-B1F3-4F24-8B75-728382334735}.Debug|Any CPU.ActiveCfg = Debug|Any CPU
		{6E7A6A20-B1F3-4F24-8B75-728382334735}.Debug|Any CPU.Build.0 = Debug|Any CPU
		{6E7A6A20-B1F3-4F24-8B75-728382334735}.Release|Any CPU.ActiveCfg = Release|Any CPU
		{6E7A6A20-B1F3-4F24-8B75-728382334735}.Release|Any CPU.Build.0 = Release|Any CPU
		{D08CCDCF-2619-4D8D-8E06-360D8BA64EB9}.Debug|Any CPU.ActiveCfg = Debug|Any CPU
		{D08CCDCF-2619-4D8D-8E06-360D8BA64EB9}.Debug|Any CPU.Build.0 = Debug|Any CPU
		{D08CCDCF-2619-4D8D-8E06-360D8BA64EB9}.Release|Any CPU.ActiveCfg = Release|Any CPU
		{D08CCDCF-2619-4D8D-8E06-360D8BA64EB9}.Release|Any CPU.Build.0 = Release|Any CPU
		{2D922A14-F0FB-4705-873A-72B0D4B6F9E1}.Debug|Any CPU.ActiveCfg = Debug|Any CPU
		{2D922A14-F0FB-4705-873A-72B0D4B6F9E1}.Debug|Any CPU.Build.0 = Debug|Any CPU
		{2D922A14-F0FB-4705-873A-72B0D4B6F9E1}.Release|Any CPU.ActiveCfg = Release|Any CPU
		{2D922A14-F0FB-4705-873A-72B0D4B6F9E1}.Release|Any CPU.Build.0 = Release|Any CPU
		{44A847B9-A569-43A5-91BD-1F6028442054}.Debug|Any CPU.ActiveCfg = Debug|Any CPU
		{44A847B9-A569-43A5-91BD-1F6028442054}.Debug|Any CPU.Build.0 = Debug|Any CPU
		{44A847B9-A569-43A5-91BD-1F6028442054}.Release|Any CPU.ActiveCfg = Release|Any CPU
		{44A847B9-A569-43A5-91BD-1F6028442054}.Release|Any CPU.Build.0 = Release|Any CPU
		{D637F57E-91F2-4FC7-97B4-6106B3588E70}.Debug|Any CPU.ActiveCfg = Debug|Any CPU
		{D637F57E-91F2-4FC7-97B4-6106B3588E70}.Debug|Any CPU.Build.0 = Debug|Any CPU
		{D637F57E-91F2-4FC7-97B4-6106B3588E70}.Release|Any CPU.ActiveCfg = Release|Any CPU
		{D637F57E-91F2-4FC7-97B4-6106B3588E70}.Release|Any CPU.Build.0 = Release|Any CPU
	EndGlobalSection
	GlobalSection(SolutionProperties) = preSolution
		HideSolutionNode = FALSE
	EndGlobalSection
	GlobalSection(NestedProjects) = preSolution
		{D637F57E-91F2-4FC7-97B4-6106B3588E70} = {B9FF181E-A969-4536-ABA9-42506D8ADCCA}
	EndGlobalSection
	GlobalSection(ExtensibilityGlobals) = postSolution
		SolutionGuid = {E14D676A-6BF3-4CC9-B9B3-0E6ADFB5D3CB}
	EndGlobalSection
EndGlobal
